
Microsoft Visual Studio Solution File, Format Version 12.00
# Visual Studio 15
VisualStudioVersion = 15.0.27004.2008
MinimumVisualStudioVersion = 10.0.40219.1
Project("{888888A0-9F3D-457C-B088-3A5042F75D52}") = "PythonApplication13", "PythonApplication13\PythonApplication13.pyproj", "{C2E27490-4864-4BE9-9514-84A751AEE246}"
EndProject
Global
	GlobalSection(SolutionConfigurationPlatforms) = preSolution
		Debug|Any CPU = Debug|Any CPU
		Release|Any CPU = Release|Any CPU
	EndGlobalSection
	GlobalSection(ProjectConfigurationPlatforms) = postSolution
		{C2E27490-4864-4BE9-9514-84A751AEE246}.Debug|Any CPU.ActiveCfg = Debug|Any CPU
		{C2E27490-4864-4BE9-9514-84A751AEE246}.Release|Any CPU.ActiveCfg = Release|Any CPU
	EndGlobalSection
	GlobalSection(SolutionProperties) = preSolution
		HideSolutionNode = FALSE
	EndGlobalSection
	GlobalSection(ExtensibilityGlobals) = postSolution
		SolutionGuid = {E0AAF8A0-7514-4A1D-8358-6640AA78B1B3}
	EndGlobalSection
EndGlobal
